
Microsoft Visual Studio Solution File, Format Version 12.00
# Visual Studio Version 17
VisualStudioVersion = 17.14.36310.24
MinimumVisualStudioVersion = 10.0.40219.1
Project("{FAE04EC0-301F-11D3-BF4B-00C04F79EFBC}") = "Bypasser", "Bypasser.csproj", "{0961548F-7D67-4632-BA56-B11E9EB22BD7}"
EndProject
Global
	GlobalSection(SolutionConfigurationPlatforms) = preSolution
		Debug|Any CPU = Debug|Any CPU
		Release|Any CPU = Release|Any CPU
	EndGlobalSection
	GlobalSection(ProjectConfigurationPlatforms) = postSolution
		{0961548F-7D67-4632-BA56-B11E9EB22BD7}.Debug|Any CPU.ActiveCfg = Debug|Any CPU
		{0961548F-7D67-4632-BA56-B11E9EB22BD7}.Debug|Any CPU.Build.0 = Debug|Any CPU
		{0961548F-7D67-4632-BA56-B11E9EB22BD7}.Release|Any CPU.ActiveCfg = Release|Any CPU
		{0961548F-7D67-4632-BA56-B11E9EB22BD7}.Release|Any CPU.Build.0 = Release|Any CPU
	EndGlobalSection
	GlobalSection(SolutionProperties) = preSolution
		HideSolutionNode = FALSE
	EndGlobalSection
	GlobalSection(ExtensibilityGlobals) = postSolution
		SolutionGuid = {2C0EBF6E-2646-4D10-BA8D-E825A3DEC814}
	EndGlobalSection
EndGlobal
